{
    "version": 3,
    "terraform_version": "0.11.1",
    "serial": 4,
    "lineage": "d055bba4-bd37-428b-9111-e2aa4cd398c5",
    "modules": [
        {
            "path": [
                "root"
            ],
            "outputs": {},
            "resources": {
                "aws_subnet.hackathon-subnet-private4": {
                    "type": "aws_subnet",
                    "depends_on": [
                        "aws_vpc.hackathon"
                    ],
                    "primary": {
                        "id": "subnet-9c4246fb",
                        "attributes": {
                            "assign_ipv6_address_on_creation": "false",
                            "availability_zone": "eu-west-1b",
                            "cidr_block": "10.0.4.0/24",
                            "id": "subnet-9c4246fb",
                            "map_public_ip_on_launch": "false",
                            "tags.%": "0",
                            "vpc_id": "vpc-c5ccd0a2"
                        },
                        "meta": {
                            "schema_version": "1"
                        },
                        "tainted": false
                    },
                    "deposed": [],
                    "provider": "provider.aws"
                },
                "aws_subnet.hackathon-subnet-public1": {
                    "type": "aws_subnet",
                    "depends_on": [
                        "aws_vpc.hackathon"
                    ],
                    "primary": {
                        "id": "subnet-da632281",
                        "attributes": {
                            "assign_ipv6_address_on_creation": "false",
                            "availability_zone": "eu-west-1a",
                            "cidr_block": "10.0.1.0/24",
                            "id": "subnet-da632281",
                            "map_public_ip_on_launch": "false",
                            "tags.%": "0",
                            "vpc_id": "vpc-c5ccd0a2"
                        },
                        "meta": {
                            "schema_version": "1"
                        },
                        "tainted": false
                    },
                    "deposed": [],
                    "provider": "provider.aws"
                },
                "aws_subnet.hackathon-subnet-public2": {
                    "type": "aws_subnet",
                    "depends_on": [
                        "aws_vpc.hackathon"
                    ],
                    "primary": {
                        "id": "subnet-936d2cc8",
                        "attributes": {
                            "assign_ipv6_address_on_creation": "false",
                            "availability_zone": "eu-west-1a",
                            "cidr_block": "10.0.2.0/24",
                            "id": "subnet-936d2cc8",
                            "map_public_ip_on_launch": "false",
                            "tags.%": "0",
                            "vpc_id": "vpc-c5ccd0a2"
                        },
                        "meta": {
                            "schema_version": "1"
                        },
                        "tainted": false
                    },
                    "deposed": [],
                    "provider": "provider.aws"
                },
                "aws_vpc.hackathon": {
                    "type": "aws_vpc",
                    "depends_on": [],
                    "primary": {
                        "id": "vpc-c5ccd0a2",
                        "attributes": {
                            "assign_generated_ipv6_cidr_block": "false",
                            "cidr_block": "10.0.0.0/16",
                            "default_network_acl_id": "acl-7bde5b1d",
                            "default_route_table_id": "rtb-32acf054",
                            "default_security_group_id": "sg-56662e2d",
                            "dhcp_options_id": "dopt-9d631bfa",
                            "enable_classiclink": "false",
                            "enable_classiclink_dns_support": "false",
                            "enable_dns_hostnames": "false",
                            "enable_dns_support": "true",
                            "id": "vpc-c5ccd0a2",
                            "instance_tenancy": "default",
                            "main_route_table_id": "rtb-32acf054",
                            "tags.%": "1",
                            "tags.Name": "hackathon"
                        },
                        "meta": {
                            "schema_version": "1"
                        },
                        "tainted": false
                    },
                    "deposed": [],
                    "provider": "provider.aws"
                }
            },
            "depends_on": []
        }
    ]
}
